// !$*UTF8*$!
{
	archiveVersion = 1;
	classes = {
	};
	objectVersion = 46;
	objects = {

/* Begin PBXBuildFile section */
		A97973A61AC32E900061E74F /* main.cpp in Sources */ = {isa = PBXBuildFile; fileRef = A97973A51AC32E900061E74F /* main.cpp */; };
		A97973AE1AC32EB70061E74F /* graphdb.cpp in Sources */ = {isa = PBXBuildFile; fileRef = A97973AC1AC32EB70061E74F /* graphdb.cpp */; };
/* End PBXBuildFile section */

/* Begin PBXCopyFilesBuildPhase section */
		A97973A01AC32E900061E74F /* CopyFiles */ = {
			isa = PBXCopyFilesBuildPhase;
			buildActionMask = 2147483647;
			dstPath = /usr/share/man/man1/;
			dstSubfolderSpec = 0;
			files = (
			);
			runOnlyForDeploymentPostprocessing = 1;
		};
/* End PBXCopyFilesBuildPhase section */

/* Begin PBXFileReference section */
		A90F1E781ACC6C0D0015A873 /* testData02.txt */ = {isa = PBXFileReference; fileEncoding = 4; lastKnownFileType = text; path = testData02.txt; sourceTree = "<group>"; };
		A90F1E791ACC6DC40015A873 /* testData03.txt */ = {isa = PBXFileReference; fileEncoding = 4; lastKnownFileType = text; path = testData03.txt; sourceTree = "<group>"; };
		A97973A21AC32E900061E74F /* CliquePartitioning */ = {isa = PBXFileReference; explicitFileType = "compiled.mach-o.executable"; includeInIndex = 0; path = CliquePartitioning; sourceTree = BUILT_PRODUCTS_DIR; };
		A97973A51AC32E900061E74F /* main.cpp */ = {isa = PBXFileReference; lastKnownFileType = sourcecode.cpp.cpp; path = main.cpp; sourceTree = "<group>"; };
		A97973AC1AC32EB70061E74F /* graphdb.cpp */ = {isa = PBXFileReference; fileEncoding = 4; lastKnownFileType = sourcecode.cpp.cpp; name = graphdb.cpp; path = ../graphdb.cpp; sourceTree = "<group>"; };
		A97973AD1AC32EB70061E74F /* graphdb.h */ = {isa = PBXFileReference; fileEncoding = 4; lastKnownFileType = sourcecode.c.h; name = graphdb.h; path = ../graphdb.h; sourceTree = "<group>"; };
		A97973AF1AC3DE680061E74F /* testData01.txt */ = {isa = PBXFileReference; fileEncoding = 4; lastKnownFileType = text; path = testData01.txt; sourceTree = "<group>"; };
/* End PBXFileReference section */

/* Begin PBXFrameworksBuildPhase section */
		A979739F1AC32E900061E74F /* Frameworks */ = {
			isa = PBXFrameworksBuildPhase;
			buildActionMask = 2147483647;
			files = (
			);
			runOnlyForDeploymentPostprocessing = 0;
		};
/* End PBXFrameworksBuildPhase section */

/* Begin PBXGroup section */
		A97973991AC32E900061E74F = {
			isa = PBXGroup;
			children = (
				A97973A41AC32E900061E74F /* CliquePartitioning */,
				A97973A31AC32E900061E74F /* Products */,
			);
			sourceTree = "<group>";
		};
		A97973A31AC32E900061E74F /* Products */ = {
			isa = PBXGroup;
			children = (
				A97973A21AC32E900061E74F /* CliquePartitioning */,
			);
			name = Products;
			sourceTree = "<group>";
		};
		A97973A41AC32E900061E74F /* CliquePartitioning */ = {
			isa = PBXGroup;
			children = (
				A97973AD1AC32EB70061E74F /* graphdb.h */,
				A97973AC1AC32EB70061E74F /* graphdb.cpp */,
				A97973A51AC32E900061E74F /* main.cpp */,
				A97973AF1AC3DE680061E74F /* testData01.txt */,
				A90F1E781ACC6C0D0015A873 /* testData02.txt */,
				A90F1E791ACC6DC40015A873 /* testData03.txt */,
			);
			path = CliquePartitioning;
			sourceTree = "<group>";
		};
/* End PBXGroup section */

/* Begin PBXNativeTarget section */
		A97973A11AC32E900061E74F /* CliquePartitioning */ = {
			isa = PBXNativeTarget;
			buildConfigurationList = A97973A91AC32E900061E74F /* Build configuration list for PBXNativeTarget "CliquePartitioning" */;
			buildPhases = (
				A979739E1AC32E900061E74F /* Sources */,
				A979739F1AC32E900061E74F /* Frameworks */,
				A97973A01AC32E900061E74F /* CopyFiles */,
			);
			buildRules = (
			);
			dependencies = (
			);
			name = CliquePartitioning;
			productName = CliquePartitioning;
			productReference = A97973A21AC32E900061E74F /* CliquePartitioning */;
			productType = "com.apple.product-type.tool";
		};
/* End PBXNativeTarget section */

/* Begin PBXProject section */
		A979739A1AC32E900061E74F /* Project object */ = {
			isa = PBXProject;
			attributes = {
				LastUpgradeCheck = 0620;
				ORGANIZATIONNAME = "Bill Salefski";
				TargetAttributes = {
					A97973A11AC32E900061E74F = {
						CreatedOnToolsVersion = 6.2;
					};
				};
			};
			buildConfigurationList = A979739D1AC32E900061E74F /* Build configuration list for PBXProject "CliquePartitioning" */;
			compatibilityVersion = "Xcode 3.2";
			developmentRegion = English;
			hasScannedForEncodings = 0;
			knownRegions = (
				en,
			);
			mainGroup = A97973991AC32E900061E74F;
			productRefGroup = A97973A31AC32E900061E74F /* Products */;
			projectDirPath = "";
			projectRoot = "";
			targets = (
				A97973A11AC32E900061E74F /* CliquePartitioning */,
			);
		};
/* End PBXProject section */

/* Begin PBXSourcesBuildPhase section */
		A979739E1AC32E900061E74F /* Sources */ = {
			isa = PBXSourcesBuildPhase;
			buildActionMask = 2147483647;
			files = (
				A97973AE1AC32EB70061E74F /* graphdb.cpp in Sources */,
				A97973A61AC32E900061E74F /* main.cpp in Sources */,
			);
			runOnlyForDeploymentPostprocessing = 0;
		};
/* End PBXSourcesBuildPhase section */

/* Begin XCBuildConfiguration section */
		A97973A71AC32E900061E74F /* Debug */ = {
			isa = XCBuildConfiguration;
			buildSettings = {
				ALWAYS_SEARCH_USER_PATHS = NO;
				CLANG_CXX_LANGUAGE_STANDARD = "gnu++0x";
				CLANG_CXX_LIBRARY = "libc++";
				CLANG_ENABLE_MODULES = YES;
				CLANG_ENABLE_OBJC_ARC = YES;
				CLANG_WARN_BOOL_CONVERSION = YES;
				CLANG_WARN_CONSTANT_CONVERSION = YES;
				CLANG_WARN_DIRECT_OBJC_ISA_USAGE = YES_ERROR;
				CLANG_WARN_EMPTY_BODY = YES;
				CLANG_WARN_ENUM_CONVERSION = YES;
				CLANG_WARN_INT_CONVERSION = YES;
				CLANG_WARN_OBJC_ROOT_CLASS = YES_ERROR;
				CLANG_WARN_UNREACHABLE_CODE = YES;
				CLANG_WARN__DUPLICATE_METHOD_MATCH = YES;
				COPY_PHASE_STRIP = NO;
				ENABLE_STRICT_OBJC_MSGSEND = YES;
				GCC_C_LANGUAGE_STANDARD = gnu99;
				GCC_DYNAMIC_NO_PIC = NO;
				GCC_OPTIMIZATION_LEVEL = 0;
				GCC_PREPROCESSOR_DEFINITIONS = (
					"DEBUG=1",
					"$(inherited)",
				);
				GCC_SYMBOLS_PRIVATE_EXTERN = NO;
				GCC_WARN_64_TO_32_BIT_CONVERSION = YES;
				GCC_WARN_ABOUT_RETURN_TYPE = YES_ERROR;
				GCC_WARN_UNDECLARED_SELECTOR = YES;
				GCC_WARN_UNINITIALIZED_AUTOS = YES_AGGRESSIVE;
				GCC_WARN_UNUSED_FUNCTION = YES;
				GCC_WARN_UNUSED_VARIABLE = YES;
				MACOSX_DEPLOYMENT_TARGET = 10.10;
				MTL_ENABLE_DEBUG_INFO = YES;
				ONLY_ACTIVE_ARCH = YES;
				SDKROOT = macosx;
			};
			name = Debug;
		};
		A97973A81AC32E900061E74F /* Release */ = {
			isa = XCBuildConfiguration;
			buildSettings = {
				ALWAYS_SEARCH_USER_PATHS = NO;
				CLANG_CXX_LANGUAGE_STANDARD = "gnu++0x";
				CLANG_CXX_LIBRARY = "libc++";
				CLANG_ENABLE_MODULES = YES;
				CLANG_ENABLE_OBJC_ARC = YES;
				CLANG_WARN_BOOL_CONVERSION = YES;
				CLANG_WARN_CONSTANT_CONVERSION = YES;
				CLANG_WARN_DIRECT_OBJC_ISA_USAGE = YES_ERROR;
				CLANG_WARN_EMPTY_BODY = YES;
				CLANG_WARN_ENUM_CONVERSION = YES;
				CLANG_WARN_INT_CONVERSION = YES;
				CLANG_WARN_OBJC_ROOT_CLASS = YES_ERROR;
				CLANG_WARN_UNREACHABLE_CODE = YES;
				CLANG_WARN__DUPLICATE_METHOD_MATCH = YES;
				COPY_PHASE_STRIP = NO;
				DEBUG_INFORMATION_FORMAT = "dwarf-with-dsym";
				ENABLE_NS_ASSERTIONS = NO;
				ENABLE_STRICT_OBJC_MSGSEND = YES;
				GCC_C_LANGUAGE_STANDARD = gnu99;
				GCC_WARN_64_TO_32_BIT_CONVERSION = YES;
				GCC_WARN_ABOUT_RETURN_TYPE = YES_ERROR;
				GCC_WARN_UNDECLARED_SELECTOR = YES;
				GCC_WARN_UNINITIALIZED_AUTOS = YES_AGGRESSIVE;
				GCC_WARN_UNUSED_FUNCTION = YES;
				GCC_WARN_UNUSED_VARIABLE = YES;
				MACOSX_DEPLOYMENT_TARGET = 10.10;
				MTL_ENABLE_DEBUG_INFO = NO;
				SDKROOT = macosx;
			};
			name = Release;
		};
		A97973AA1AC32E900061E74F /* Debug */ = {
			isa = XCBuildConfiguration;
			buildSettings = {
				PRODUCT_NAME = "$(TARGET_NAME)";
			};
			name = Debug;
		};
		A97973AB1AC32E900061E74F /* Release */ = {
			isa = XCBuildConfiguration;
			buildSettings = {
				PRODUCT_NAME = "$(TARGET_NAME)";
			};
			name = Release;
		};
/* End XCBuildConfiguration section */

/* Begin XCConfigurationList section */
		A979739D1AC32E900061E74F /* Build configuration list for PBXProject "CliquePartitioning" */ = {
			isa = XCConfigurationList;
			buildConfigurations = (
				A97973A71AC32E900061E74F /* Debug */,
				A97973A81AC32E900061E74F /* Release */,
			);
			defaultConfigurationIsVisible = 0;
			defaultConfigurationName = Release;
		};
		A97973A91AC32E900061E74F /* Build configuration list for PBXNativeTarget "CliquePartitioning" */ = {
			isa = XCConfigurationList;
			buildConfigurations = (
				A97973AA1AC32E900061E74F /* Debug */,
				A97973AB1AC32E900061E74F /* Release */,
			);
			defaultConfigurationIsVisible = 0;
			defaultConfigurationName = Release;
		};
/* End XCConfigurationList section */
	};
	rootObject = A979739A1AC32E900061E74F /* Project object */;
}
